PODS:
  - ProgressIndicatorView (0.0.2)

DEPENDENCIES:
  - ProgressIndicatorView (from `../`)

EXTERNAL SOURCES:
  ProgressIndicatorView:
    :path: "../"

SPEC CHECKSUMS:
  ProgressIndicatorView: ccb8e2b188c0bd33a6fb792172d70b13982cd7b8

PODFILE CHECKSUM: 975d16e862abaa9d708f17641a7379ef951d0ca3

COCOAPODS: 1.11.2
